
Microsoft Visual Studio Solution File, Format Version 12.00
# Visual Studio 15
VisualStudioVersion = 15.0.27703.2026
MinimumVisualStudioVersion = 10.0.40219.1
Project("{F184B08F-C81C-45F6-A57F-5ABD9991F28F}") = "ITInventoryService", "ITInventoryService\ITInventoryService.vbproj", "{D0B9CF03-DE0E-45A3-A401-9091716E1B3E}"
EndProject
Global
	GlobalSection(SolutionConfigurationPlatforms) = preSolution
		Debug|Any CPU = Debug|Any CPU
		Release|Any CPU = Release|Any CPU
	EndGlobalSection
	GlobalSection(ProjectConfigurationPlatforms) = postSolution
		{D0B9CF03-DE0E-45A3-A401-9091716E1B3E}.Debug|Any CPU.ActiveCfg = Debug|Any CPU
		{D0B9CF03-DE0E-45A3-A401-9091716E1B3E}.Debug|Any CPU.Build.0 = Debug|Any CPU
		{D0B9CF03-DE0E-45A3-A401-9091716E1B3E}.Release|Any CPU.ActiveCfg = Release|Any CPU
		{D0B9CF03-DE0E-45A3-A401-9091716E1B3E}.Release|Any CPU.Build.0 = Release|Any CPU
	EndGlobalSection
	GlobalSection(SolutionProperties) = preSolution
		HideSolutionNode = FALSE
	EndGlobalSection
	GlobalSection(ExtensibilityGlobals) = postSolution
		SolutionGuid = {9E09504C-9567-4224-B13F-E9BE53754617}
	EndGlobalSection
EndGlobal
